
Microsoft Visual Studio Solution File, Format Version 12.00
# Visual Studio Version 17
VisualStudioVersion = 17.0.32014.148
MinimumVisualStudioVersion = 10.0.40219.1
Project("{FAE04EC0-301F-11D3-BF4B-00C04F79EFBC}") = "Rock-Paper-Scissors-Time-Machine", "Rock-Paper-Scissors-Time-Machine\Rock-Paper-Scissors-Time-Machine.csproj", "{0EFDADD5-CEC2-44DC-986D-B7D3F6334D62}"
EndProject
Global
	GlobalSection(SolutionConfigurationPlatforms) = preSolution
		Debug|Any CPU = Debug|Any CPU
		Release|Any CPU = Release|Any CPU
	EndGlobalSection
	GlobalSection(ProjectConfigurationPlatforms) = postSolution
		{0EFDADD5-CEC2-44DC-986D-B7D3F6334D62}.Debug|Any CPU.ActiveCfg = Debug|Any CPU
		{0EFDADD5-CEC2-44DC-986D-B7D3F6334D62}.Debug|Any CPU.Build.0 = Debug|Any CPU
		{0EFDADD5-CEC2-44DC-986D-B7D3F6334D62}.Release|Any CPU.ActiveCfg = Release|Any CPU
		{0EFDADD5-CEC2-44DC-986D-B7D3F6334D62}.Release|Any CPU.Build.0 = Release|Any CPU
	EndGlobalSection
	GlobalSection(SolutionProperties) = preSolution
		HideSolutionNode = FALSE
	EndGlobalSection
	GlobalSection(ExtensibilityGlobals) = postSolution
		SolutionGuid = {069FC1B9-D6AE-47EA-B670-7A924965FE13}
	EndGlobalSection
EndGlobal
